
Microsoft Visual Studio Solution File, Format Version 12.00
# Visual Studio Version 17
VisualStudioVersion = 17.0.31903.59
MinimumVisualStudioVersion = 10.0.40219.1
Project("{2150E333-8FDC-42A3-9474-1A3956D46DE8}") = "src", "src", "{827E0CD3-B72D-47B6-A68D-7590B98EB39B}"
EndProject
Project("{2150E333-8FDC-42A3-9474-1A3956D46DE8}") = "API", "API", "{81034408-37C8-1011-444E-4C15C2FADA8E}"
EndProject
Project("{FAE04EC0-301F-11D3-BF4B-00C04F79EFBC}") = "NationalClothingStore.API", "src\API\NationalClothingStore.API.csproj", "{1B53545A-A85A-41CE-ABE0-942E2C57A013}"
EndProject
Project("{2150E333-8FDC-42A3-9474-1A3956D46DE8}") = "Domain", "Domain", "{8B290487-4C16-E85E-E807-F579CBE9FC4D}"
EndProject
Project("{FAE04EC0-301F-11D3-BF4B-00C04F79EFBC}") = "NationalClothingStore.Domain", "src\Domain\NationalClothingStore.Domain.csproj", "{B1556809-AC32-40DE-9F99-9AA007778D94}"
EndProject
Project("{2150E333-8FDC-42A3-9474-1A3956D46DE8}") = "Application", "Application", "{22BAF98C-8415-17C4-B26A-D537657BC863}"
EndProject
Project("{FAE04EC0-301F-11D3-BF4B-00C04F79EFBC}") = "NationalClothingStore.Application", "src\Application\NationalClothingStore.Application.csproj", "{B9414AB0-0D17-4463-A29A-0C841789B02E}"
EndProject
Project("{2150E333-8FDC-42A3-9474-1A3956D46DE8}") = "Infrastructure", "Infrastructure", "{9048EB7F-3875-A59E-E36B-5BD4C6F2A282}"
EndProject
Project("{FAE04EC0-301F-11D3-BF4B-00C04F79EFBC}") = "NationalClothingStore.Infrastructure", "src\Infrastructure\NationalClothingStore.Infrastructure.csproj", "{CBA4486A-B274-4BE0-85C8-B92D1393566D}"
EndProject
Project("{2150E333-8FDC-42A3-9474-1A3956D46DE8}") = "Shared", "Shared", "{C8E42992-5E42-0C2B-DBFE-AA848D06431C}"
EndProject
Project("{FAE04EC0-301F-11D3-BF4B-00C04F79EFBC}") = "NationalClothingStore.Shared", "src\Shared\NationalClothingStore.Shared.csproj", "{7D1DE4DD-1676-4840-9DE8-9D827A682CE2}"
EndProject
Project("{2150E333-8FDC-42A3-9474-1A3956D46DE8}") = "tests", "tests", "{0AB3BF05-4346-4AA6-1389-037BE0695223}"
EndProject
Project("{FAE04EC0-301F-11D3-BF4B-00C04F79EFBC}") = "NationalClothingStore.Tests", "tests\NationalClothingStore.Tests.csproj", "{345B896A-CA31-4F9A-B773-C8A2207F8D83}"
EndProject
Global
	GlobalSection(SolutionConfigurationPlatforms) = preSolution
		Debug|Any CPU = Debug|Any CPU
		Debug|x64 = Debug|x64
		Debug|x86 = Debug|x86
		Release|Any CPU = Release|Any CPU
		Release|x64 = Release|x64
		Release|x86 = Release|x86
	EndGlobalSection
	GlobalSection(ProjectConfigurationPlatforms) = postSolution
		{1B53545A-A85A-41CE-ABE0-942E2C57A013}.Debug|Any CPU.ActiveCfg = Debug|Any CPU
		{1B53545A-A85A-41CE-ABE0-942E2C57A013}.Debug|Any CPU.Build.0 = Debug|Any CPU
		{1B53545A-A85A-41CE-ABE0-942E2C57A013}.Debug|x64.ActiveCfg = Debug|Any CPU
		{1B53545A-A85A-41CE-ABE0-942E2C57A013}.Debug|x64.Build.0 = Debug|Any CPU
		{1B53545A-A85A-41CE-ABE0-942E2C57A013}.Debug|x86.ActiveCfg = Debug|Any CPU
		{1B53545A-A85A-41CE-ABE0-942E2C57A013}.Debug|x86.Build.0 = Debug|Any CPU
		{1B53545A-A85A-41CE-ABE0-942E2C57A013}.Release|Any CPU.ActiveCfg = Release|Any CPU
		{1B53545A-A85A-41CE-ABE0-942E2C57A013}.Release|Any CPU.Build.0 = Release|Any CPU
		{1B53545A-A85A-41CE-ABE0-942E2C57A013}.Release|x64.ActiveCfg = Release|Any CPU
		{1B53545A-A85A-41CE-ABE0-942E2C57A013}.Release|x64.Build.0 = Release|Any CPU
		{1B53545A-A85A-41CE-ABE0-942E2C57A013}.Release|x86.ActiveCfg = Release|Any CPU
		{1B53545A-A85A-41CE-ABE0-942E2C57A013}.Release|x86.Build.0 = Release|Any CPU
		{B1556809-AC32-40DE-9F99-9AA007778D94}.Debug|Any CPU.ActiveCfg = Debug|Any CPU
		{B1556809-AC32-40DE-9F99-9AA007778D94}.Debug|Any CPU.Build.0 = Debug|Any CPU
		{B1556809-AC32-40DE-9F99-9AA007778D94}.Debug|x64.ActiveCfg = Debug|Any CPU
		{B1556809-AC32-40DE-9F99-9AA007778D94}.Debug|x64.Build.0 = Debug|Any CPU
		{B1556809-AC32-40DE-9F99-9AA007778D94}.Debug|x86.ActiveCfg = Debug|Any CPU
		{B1556809-AC32-40DE-9F99-9AA007778D94}.Debug|x86.Build.0 = Debug|Any CPU
		{B1556809-AC32-40DE-9F99-9AA007778D94}.Release|Any CPU.ActiveCfg = Release|Any CPU
		{B1556809-AC32-40DE-9F99-9AA007778D94}.Release|Any CPU.Build.0 = Release|Any CPU
		{B1556809-AC32-40DE-9F99-9AA007778D94}.Release|x64.ActiveCfg = Release|Any CPU
		{B1556809-AC32-40DE-9F99-9AA007778D94}.Release|x64.Build.0 = Release|Any CPU
		{B1556809-AC32-40DE-9F99-9AA007778D94}.Release|x86.ActiveCfg = Release|Any CPU
		{B1556809-AC32-40DE-9F99-9AA007778D94}.Release|x86.Build.0 = Release|Any CPU
		{B9414AB0-0D17-4463-A29A-0C841789B02E}.Debug|Any CPU.ActiveCfg = Debug|Any CPU
		{B9414AB0-0D17-4463-A29A-0C841789B02E}.Debug|Any CPU.Build.0 = Debug|Any CPU
		{B9414AB0-0D17-4463-A29A-0C841789B02E}.Debug|x64.ActiveCfg = Debug|Any CPU
		{B9414AB0-0D17-4463-A29A-0C841789B02E}.Debug|x64.Build.0 = Debug|Any CPU
		{B9414AB0-0D17-4463-A29A-0C841789B02E}.Debug|x86.ActiveCfg = Debug|Any CPU
		{B9414AB0-0D17-4463-A29A-0C841789B02E}.Debug|x86.Build.0 = Debug|Any CPU
		{B9414AB0-0D17-4463-A29A-0C841789B02E}.Release|Any CPU.ActiveCfg = Release|Any CPU
		{B9414AB0-0D17-4463-A29A-0C841789B02E}.Release|Any CPU.Build.0 = Release|Any CPU
		{B9414AB0-0D17-4463-A29A-0C841789B02E}.Release|x64.ActiveCfg = Release|Any CPU
		{B9414AB0-0D17-4463-A29A-0C841789B02E}.Release|x64.Build.0 = Release|Any CPU
		{B9414AB0-0D17-4463-A29A-0C841789B02E}.Release|x86.ActiveCfg = Release|Any CPU
		{B9414AB0-0D17-4463-A29A-0C841789B02E}.Release|x86.Build.0 = Release|Any CPU
		{CBA4486A-B274-4BE0-85C8-B92D1393566D}.Debug|Any CPU.ActiveCfg = Debug|Any CPU
		{CBA4486A-B274-4BE0-85C8-B92D1393566D}.Debug|Any CPU.Build.0 = Debug|Any CPU
		{CBA4486A-B274-4BE0-85C8-B92D1393566D}.Debug|x64.ActiveCfg = Debug|Any CPU
		{CBA4486A-B274-4BE0-85C8-B92D1393566D}.Debug|x64.Build.0 = Debug|Any CPU
		{CBA4486A-B274-4BE0-85C8-B92D1393566D}.Debug|x86.ActiveCfg = Debug|Any CPU
		{CBA4486A-B274-4BE0-85C8-B92D1393566D}.Debug|x86.Build.0 = Debug|Any CPU
		{CBA4486A-B274-4BE0-85C8-B92D1393566D}.Release|Any CPU.ActiveCfg = Release|Any CPU
		{CBA4486A-B274-4BE0-85C8-B92D1393566D}.Release|Any CPU.Build.0 = Release|Any CPU
		{CBA4486A-B274-4BE0-85C8-B92D1393566D}.Release|x64.ActiveCfg = Release|Any CPU
		{CBA4486A-B274-4BE0-85C8-B92D1393566D}.Release|x64.Build.0 = Release|Any CPU
		{CBA4486A-B274-4BE0-85C8-B92D1393566D}.Release|x86.ActiveCfg = Release|Any CPU
		{CBA4486A-B274-4BE0-85C8-B92D1393566D}.Release|x86.Build.0 = Release|Any CPU
		{7D1DE4DD-1676-4840-9DE8-9D827A682CE2}.Debug|Any CPU.ActiveCfg = Debug|Any CPU
		{7D1DE4DD-1676-4840-9DE8-9D827A682CE2}.Debug|Any CPU.Build.0 = Debug|Any CPU
		{7D1DE4DD-1676-4840-9DE8-9D827A682CE2}.Debug|x64.ActiveCfg = Debug|Any CPU
		{7D1DE4DD-1676-4840-9DE8-9D827A682CE2}.Debug|x64.Build.0 = Debug|Any CPU
		{7D1DE4DD-1676-4840-9DE8-9D827A682CE2}.Debug|x86.ActiveCfg = Debug|Any CPU
		{7D1DE4DD-1676-4840-9DE8-9D827A682CE2}.Debug|x86.Build.0 = Debug|Any CPU
		{7D1DE4DD-1676-4840-9DE8-9D827A682CE2}.Release|Any CPU.ActiveCfg = Release|Any CPU
		{7D1DE4DD-1676-4840-9DE8-9D827A682CE2}.Release|Any CPU.Build.0 = Release|Any CPU
		{7D1DE4DD-1676-4840-9DE8-9D827A682CE2}.Release|x64.ActiveCfg = Release|Any CPU
		{7D1DE4DD-1676-4840-9DE8-9D827A682CE2}.Release|x64.Build.0 = Release|Any CPU
		{7D1DE4DD-1676-4840-9DE8-9D827A682CE2}.Release|x86.ActiveCfg = Release|Any CPU
		{7D1DE4DD-1676-4840-9DE8-9D827A682CE2}.Release|x86.Build.0 = Release|Any CPU
		{345B896A-CA31-4F9A-B773-C8A2207F8D83}.Debug|Any CPU.ActiveCfg = Debug|Any CPU
		{345B896A-CA31-4F9A-B773-C8A2207F8D83}.Debug|Any CPU.Build.0 = Debug|Any CPU
		{345B896A-CA31-4F9A-B773-C8A2207F8D83}.Debug|x64.ActiveCfg = Debug|Any CPU
		{345B896A-CA31-4F9A-B773-C8A2207F8D83}.Debug|x64.Build.0 = Debug|Any CPU
		{345B896A-CA31-4F9A-B773-C8A2207F8D83}.Debug|x86.ActiveCfg = Debug|Any CPU
		{345B896A-CA31-4F9A-B773-C8A2207F8D83}.Debug|x86.Build.0 = Debug|Any CPU
		{345B896A-CA31-4F9A-B773-C8A2207F8D83}.Release|Any CPU.ActiveCfg = Release|Any CPU
		{345B896A-CA31-4F9A-B773-C8A2207F8D83}.Release|Any CPU.Build.0 = Release|Any CPU
		{345B896A-CA31-4F9A-B773-C8A2207F8D83}.Release|x64.ActiveCfg = Release|Any CPU
		{345B896A-CA31-4F9A-B773-C8A2207F8D83}.Release|x64.Build.0 = Release|Any CPU
		{345B896A-CA31-4F9A-B773-C8A2207F8D83}.Release|x86.ActiveCfg = Release|Any CPU
		{345B896A-CA31-4F9A-B773-C8A2207F8D83}.Release|x86.Build.0 = Release|Any CPU
	EndGlobalSection
	GlobalSection(SolutionProperties) = preSolution
		HideSolutionNode = FALSE
	EndGlobalSection
	GlobalSection(NestedProjects) = preSolution
		{81034408-37C8-1011-444E-4C15C2FADA8E} = {827E0CD3-B72D-47B6-A68D-7590B98EB39B}
		{1B53545A-A85A-41CE-ABE0-942E2C57A013} = {81034408-37C8-1011-444E-4C15C2FADA8E}
		{8B290487-4C16-E85E-E807-F579CBE9FC4D} = {827E0CD3-B72D-47B6-A68D-7590B98EB39B}
		{B1556809-AC32-40DE-9F99-9AA007778D94} = {8B290487-4C16-E85E-E807-F579CBE9FC4D}
		{22BAF98C-8415-17C4-B26A-D537657BC863} = {827E0CD3-B72D-47B6-A68D-7590B98EB39B}
		{B9414AB0-0D17-4463-A29A-0C841789B02E} = {22BAF98C-8415-17C4-B26A-D537657BC863}
		{9048EB7F-3875-A59E-E36B-5BD4C6F2A282} = {827E0CD3-B72D-47B6-A68D-7590B98EB39B}
		{CBA4486A-B274-4BE0-85C8-B92D1393566D} = {9048EB7F-3875-A59E-E36B-5BD4C6F2A282}
		{C8E42992-5E42-0C2B-DBFE-AA848D06431C} = {827E0CD3-B72D-47B6-A68D-7590B98EB39B}
		{7D1DE4DD-1676-4840-9DE8-9D827A682CE2} = {C8E42992-5E42-0C2B-DBFE-AA848D06431C}
		{345B896A-CA31-4F9A-B773-C8A2207F8D83} = {0AB3BF05-4346-4AA6-1389-037BE0695223}
	EndGlobalSection
EndGlobal
